
Microsoft Visual Studio Solution File, Format Version 12.00
# Visual Studio 15
VisualStudioVersion = 15.0.26730.16
MinimumVisualStudioVersion = 10.0.40219.1
Project("{FAE04EC0-301F-11D3-BF4B-00C04F79EFBC}") = "ExcelReader", "ExcelReader\ExcelReader.csproj", "{66E8F071-44A2-4B05-B74B-011804EC3431}"
EndProject
Global
	GlobalSection(SolutionConfigurationPlatforms) = preSolution
		Debug|Any CPU = Debug|Any CPU
		Release|Any CPU = Release|Any CPU
	EndGlobalSection
	GlobalSection(ProjectConfigurationPlatforms) = postSolution
		{66E8F071-44A2-4B05-B74B-011804EC3431}.Debug|Any CPU.ActiveCfg = Debug|Any CPU
		{66E8F071-44A2-4B05-B74B-011804EC3431}.Debug|Any CPU.Build.0 = Debug|Any CPU
		{66E8F071-44A2-4B05-B74B-011804EC3431}.Release|Any CPU.ActiveCfg = Release|Any CPU
		{66E8F071-44A2-4B05-B74B-011804EC3431}.Release|Any CPU.Build.0 = Release|Any CPU
	EndGlobalSection
	GlobalSection(SolutionProperties) = preSolution
		HideSolutionNode = FALSE
	EndGlobalSection
	GlobalSection(ExtensibilityGlobals) = postSolution
		SolutionGuid = {EBEA21E3-3206-4473-85B3-8B1E4BCE4BF7}
	EndGlobalSection
EndGlobal
